{
  "name": "telegram-mtproto-proxy-checker",
  "version": "1.0.0",
  "lockfileVersion": 3,
  "requires": true,
  "packages": {
    "": {
      "name": "telegram-mtproto-proxy-checker",
      "version": "1.0.0",
      "license": "MIT",
      "dependencies": {
        "prebuilt-tdlib": "^0.1008059.0",
        "tdl": "^7.4.1",
        "tdl-tdlib-addon": "^1.2.2"
      },
      "bin": {
        "verify-proxy": "index.js"
      },
      "engines": {
        "node": ">=18.0.0"
      }
    },
    "node_modules/@prebuilt-tdlib/darwin-arm64": {
      "version": "0.1008059.0",
      "resolved": "https://registry.npmjs.org/@prebuilt-tdlib/darwin-arm64/-/darwin-arm64-0.1008059.0.tgz",
      "integrity": "sha512-YwhDA8vf5Q2z4GcWKHGOvkRIcSiDe+LLrRxf9Ms9pvrSGTTsqVdssMjN5NwRwbwRkUJgKclIuexC9WvkjPOULA==",
      "cpu": [
        "arm64"
      ],
      "license": "0BSD",
      "optional": true,
      "os": [
        "darwin"
      ]
    },
    "node_modules/@prebuilt-tdlib/darwin-x64": {
      "version": "0.1008059.0",
      "resolved": "https://registry.npmjs.org/@prebuilt-tdlib/darwin-x64/-/darwin-x64-0.1008059.0.tgz",
      "integrity": "sha512-NZ6vqfnBCOwnWEMsztKrROuXzUxuWsHzEx9DtaROGeXU7Ga7054cjx0Z6SC07LCbT8OX/eUwCzBKs6Vw9hAeww==",
      "cpu": [
        "x64"
      ],
      "license": "0BSD",
      "optional": true,
      "os": [
        "darwin"
      ]
    },
    "node_modules/@prebuilt-tdlib/linux-arm64-glibc": {
      "version": "0.1008059.0",
      "resolved": "https://registry.npmjs.org/@prebuilt-tdlib/linux-arm64-glibc/-/linux-arm64-glibc-0.1008059.0.tgz",
      "integrity": "sha512-4YO/bA4lpHFzzkquDfLKI9+xxw/VAO8Cz+4s6KI9fGpStfNy5IxFoMxboXXZcL9osbTkBTaPokClg0ct7sTipg==",
      "cpu": [
        "arm64"
      ],
      "license": "0BSD",
      "optional": true,
      "os": [
        "linux"
      ]
    },
    "node_modules/@prebuilt-tdlib/linux-x64-glibc": {
      "version": "0.1008059.0",
      "resolved": "https://registry.npmjs.org/@prebuilt-tdlib/linux-x64-glibc/-/linux-x64-glibc-0.1008059.0.tgz",
      "integrity": "sha512-OE5c5mkWeNaWTucaEk2OGtR0RGul5UX/vcKY76VCs9446/INw69DUJQX/C+EeKFYo/3CrWTgxQCKanWpyMOTXg==",
      "cpu": [
        "x64"
      ],
      "license": "0BSD",
      "optional": true,
      "os": [
        "linux"
      ]
    },
    "node_modules/@prebuilt-tdlib/types": {
      "version": "0.1008059.0",
      "resolved": "https://registry.npmjs.org/@prebuilt-tdlib/types/-/types-0.1008059.0.tgz",
      "integrity": "sha512-CcpBQDHsNHl+UZA0dwfAlTQ+HGIbZwcvNblvCxf9vje6SntAtR6VwU3tw0XjUDBlEcwPssu91+stT6KXAge+xg==",
      "license": "0BSD",
      "optional": true
    },
    "node_modules/@prebuilt-tdlib/win32-x64": {
      "version": "0.1008059.0",
      "resolved": "https://registry.npmjs.org/@prebuilt-tdlib/win32-x64/-/win32-x64-0.1008059.0.tgz",
      "integrity": "sha512-NhlwV5KXT3BRnfk8F4tHwPIo26sv5laYjbs7FAR6exhzxljYNxP9y7tUrViTy/u7Qh76Fx+DPfHGIuELpc0C8w==",
      "cpu": [
        "x64"
      ],
      "license": "0BSD",
      "optional": true,
      "os": [
        "win32"
      ]
    },
    "node_modules/debug": {
      "version": "4.4.3",
      "resolved": "https://registry.npmjs.org/debug/-/debug-4.4.3.tgz",
      "integrity": "sha512-RGwwWnwQvkVfavKVt22FGLw+xYSdzARwm0ru6DhTVA3umU5hZc28V3kO4stgYryrTlLpuvgI9GiijltAjNbcqA==",
      "license": "MIT",
      "dependencies": {
        "ms": "^2.1.3"
      },
      "engines": {
        "node": ">=6.0"
      },
      "peerDependenciesMeta": {
        "supports-color": {
          "optional": true
        }
      }
    },
    "node_modules/eventemitter3": {
      "version": "4.0.7",
      "resolved": "https://registry.npmjs.org/eventemitter3/-/eventemitter3-4.0.7.tgz",
      "integrity": "sha512-8guHBZCwKnFhYdHr2ysuRWErTwhoN2X8XELRlrRwpmfeY2jjuUN4taQMsULKUVo1K4DvZl+0pgfyoysHxvmvEw==",
      "license": "MIT"
    },
    "node_modules/ms": {
      "version": "2.1.3",
      "resolved": "https://registry.npmjs.org/ms/-/ms-2.1.3.tgz",
      "integrity": "sha512-6FlzubTLZG3J2a/NVCAleEhjzq5oxgHyaCU9yYXvcLsvoVaHJq/s5xXI6/XXP6tz7R9xAOtHnSO/tXtF3WRTlA==",
      "license": "MIT"
    },
    "node_modules/node-addon-api": {
      "version": "6.1.0",
      "resolved": "https://registry.npmjs.org/node-addon-api/-/node-addon-api-6.1.0.tgz",
      "integrity": "sha512-+eawOlIgy680F0kBzPUNFhMZGtJ1YmqM6l4+Crf4IkImjYrO/mqPwRMh352g23uIaQKFItcQ64I7KMaJxHgAVA==",
      "license": "MIT"
    },
    "node_modules/node-gyp-build": {
      "version": "4.8.4",
      "resolved": "https://registry.npmjs.org/node-gyp-build/-/node-gyp-build-4.8.4.tgz",
      "integrity": "sha512-LA4ZjwlnUblHVgq0oBF3Jl/6h/Nvs5fzBLwdEF4nuxnFdsfajde4WfxtJr3CaiH+F6ewcIB/q4jQ4UzPyid+CQ==",
      "license": "MIT",
      "bin": {
        "node-gyp-build": "bin.js",
        "node-gyp-build-optional": "optional.js",
        "node-gyp-build-test": "build-test.js"
      }
    },
    "node_modules/prebuilt-tdlib": {
      "version": "0.1008059.0",
      "resolved": "https://registry.npmjs.org/prebuilt-tdlib/-/prebuilt-tdlib-0.1008059.0.tgz",
      "integrity": "sha512-ovT9gVggk0MzlTUVIYuJVHCUyFiEvK98l7PMspVgv1F67qDSt5UQ4rEKPV4vVytP6hADZDrHoubT2eKGl/B4RQ==",
      "license": "MIT",
      "optionalDependencies": {
        "@prebuilt-tdlib/darwin-arm64": "0.1008059.0",
        "@prebuilt-tdlib/darwin-x64": "0.1008059.0",
        "@prebuilt-tdlib/linux-arm64-glibc": "0.1008059.0",
        "@prebuilt-tdlib/linux-x64-glibc": "0.1008059.0",
        "@prebuilt-tdlib/types": "0.1008059.0",
        "@prebuilt-tdlib/win32-x64": "0.1008059.0"
      }
    },
    "node_modules/tdl": {
      "version": "7.4.1",
      "resolved": "https://registry.npmjs.org/tdl/-/tdl-7.4.1.tgz",
      "integrity": "sha512-7EkVpgAndBAd+jMeRR+FI3v/Y0iy0bmcTDNACqp9Dtg+4AWdLb7fdjbMCEOuL2+ezjoslInXKx9SNWJ1vBT11A==",
      "hasInstallScript": true,
      "license": "MIT",
      "dependencies": {
        "debug": "^4.3.4",
        "eventemitter3": "^4.0.7",
        "node-addon-api": "^6.0.0",
        "node-gyp-build": "^4.6.0"
      }
    },
    "node_modules/tdl-shared": {
      "version": "0.10.0",
      "resolved": "https://registry.npmjs.org/tdl-shared/-/tdl-shared-0.10.0.tgz",
      "integrity": "sha512-MWkHaB4zp1NjuDQFSjB6SiDqesCjQPXhHwdP+V5G5AWijnNlDUYOatEUagn4pOaulBm+7VDZsGfof8HUZIgeag==",
      "deprecated": "Use tdl >= 7.3.0",
      "license": "MIT"
    },
    "node_modules/tdl-tdlib-addon": {
      "version": "1.2.2",
      "resolved": "https://registry.npmjs.org/tdl-tdlib-addon/-/tdl-tdlib-addon-1.2.2.tgz",
      "integrity": "sha512-Mo7iCVNRmWld6+JVRRox3dIT98x/D9Em3gcodJQdQ0m46b0OFgONEdkE1enfzaAo8ptN611bW5Lm8Fw01t81tg==",
      "deprecated": "Use tdl >= 7.3.0 instead. Works with tdl < 8.0 only",
      "hasInstallScript": true,
      "license": "MIT",
      "dependencies": {
        "debug": "^4.3.4",
        "node-addon-api": "^6.0.0",
        "tdl-shared": "^0.10.0"
      },
      "peerDependencies": {
        "tdl": ">= 7.0.0"
      }
    }
  }
}
