{
  "name": "tg-proxy-checker",
  "version": "1.0.0",
  "lockfileVersion": 3,
  "requires": true,
  "packages": {
    "": {
      "name": "tg-proxy-checker",
      "version": "1.0.0",
      "license": "MIT",
      "dependencies": {
        "prebuilt-tdlib": "^0.1008064.0",
        "tdl": "^8.1.0"
      },
      "bin": {
        "verify-proxy": "index.js"
      },
      "engines": {
        "node": ">=18.0.0"
      }
    },
    "node_modules/@prebuilt-tdlib/darwin-arm64": {
      "version": "0.1008064.0",
      "resolved": "https://registry.npmjs.org/@prebuilt-tdlib/darwin-arm64/-/darwin-arm64-0.1008064.0.tgz",
      "integrity": "sha512-Oq5us+o0g68Jag74RIV3LdLkZxQxJMcOdrVbgmyE7Unk+WcifqTb/gZw1rS6BrW+2SX2LNeGY4zQqqBTNDr17Q==",
      "cpu": [
        "arm64"
      ],
      "license": "0BSD",
      "optional": true,
      "os": [
        "darwin"
      ]
    },
    "node_modules/@prebuilt-tdlib/darwin-x64": {
      "version": "0.1008064.0",
      "resolved": "https://registry.npmjs.org/@prebuilt-tdlib/darwin-x64/-/darwin-x64-0.1008064.0.tgz",
      "integrity": "sha512-Pz11xjET2Y3uUJKxkWKBc0dmOtlykmBdZ9D6Ahh+EsoLDLIWHm7M91p6nZT396YZ4n2BL+FtDYK65Ae3LDIA5g==",
      "cpu": [
        "x64"
      ],
      "license": "0BSD",
      "optional": true,
      "os": [
        "darwin"
      ]
    },
    "node_modules/@prebuilt-tdlib/linux-arm64-glibc": {
      "version": "0.1008064.0",
      "resolved": "https://registry.npmjs.org/@prebuilt-tdlib/linux-arm64-glibc/-/linux-arm64-glibc-0.1008064.0.tgz",
      "integrity": "sha512-1kML9+RCfTOTWLzxq2klCN962/XwYhd+SGd4BxOwcmvPniYDNRUXtgMi3qRyV/Flola8dchGFrqZJU4kNZNLuQ==",
      "cpu": [
        "arm64"
      ],
      "libc": [
        "glibc"
      ],
      "license": "0BSD",
      "optional": true,
      "os": [
        "linux"
      ]
    },
    "node_modules/@prebuilt-tdlib/linux-arm64-musl": {
      "version": "0.1008064.0",
      "resolved": "https://registry.npmjs.org/@prebuilt-tdlib/linux-arm64-musl/-/linux-arm64-musl-0.1008064.0.tgz",
      "integrity": "sha512-tN9FJOR8VDfmOoTHMivAqBfQ/d9Bry9T/9cGSTcms3H4ORun/WO5U5zT8VqadAsqjuiQ8Y9HaUqqz65xBDtcgw==",
      "cpu": [
        "arm64"
      ],
      "libc": [
        "musl"
      ],
      "license": "0BSD",
      "optional": true,
      "os": [
        "linux"
      ]
    },
    "node_modules/@prebuilt-tdlib/linux-x64-glibc": {
      "version": "0.1008064.0",
      "resolved": "https://registry.npmjs.org/@prebuilt-tdlib/linux-x64-glibc/-/linux-x64-glibc-0.1008064.0.tgz",
      "integrity": "sha512-7fyCp2uk0BdeHKJ9PyQOCditC9vBXeeIjYPAKKBcrkum5bi1e9txy2g5kkGjqwUkN0ntIniS5QfHEyr17Idr9g==",
      "cpu": [
        "x64"
      ],
      "libc": [
        "glibc"
      ],
      "license": "0BSD",
      "optional": true,
      "os": [
        "linux"
      ]
    },
    "node_modules/@prebuilt-tdlib/linux-x64-musl": {
      "version": "0.1008064.0",
      "resolved": "https://registry.npmjs.org/@prebuilt-tdlib/linux-x64-musl/-/linux-x64-musl-0.1008064.0.tgz",
      "integrity": "sha512-e2zRucrRrrK6M04iQWMfwtrts+VvVtyUwtTP1hF2g3a6jW+AHMzFoB9Wu8fWr+vuJflLIQ6sG9r3lI07Q8NenQ==",
      "cpu": [
        "x64"
      ],
      "libc": [
        "musl"
      ],
      "license": "0BSD",
      "optional": true,
      "os": [
        "linux"
      ]
    },
    "node_modules/@prebuilt-tdlib/types": {
      "version": "0.1008064.0",
      "resolved": "https://registry.npmjs.org/@prebuilt-tdlib/types/-/types-0.1008064.0.tgz",
      "integrity": "sha512-eqr1+fiHZ+Gj4lwcITzMp6FwPg8UrxlxxaFjhiJRHL9BlbmD2QkCRHac4wW1Sx8Dzwzd7f+xO21Pgi7TBRSwmw==",
      "license": "0BSD",
      "optional": true
    },
    "node_modules/@prebuilt-tdlib/win32-x64": {
      "version": "0.1008064.0",
      "resolved": "https://registry.npmjs.org/@prebuilt-tdlib/win32-x64/-/win32-x64-0.1008064.0.tgz",
      "integrity": "sha512-rkacZWexQw52/EUaLAmbsu2+P3C1/AtinlCjfiX07oQAEg3327BCEZqrcY0ER83D8+MMf2pfwMPCDJKytr4hcg==",
      "cpu": [
        "x64"
      ],
      "license": "0BSD",
      "optional": true,
      "os": [
        "win32"
      ]
    },
    "node_modules/debug": {
      "version": "4.4.3",
      "resolved": "https://registry.npmjs.org/debug/-/debug-4.4.3.tgz",
      "integrity": "sha512-RGwwWnwQvkVfavKVt22FGLw+xYSdzARwm0ru6DhTVA3umU5hZc28V3kO4stgYryrTlLpuvgI9GiijltAjNbcqA==",
      "license": "MIT",
      "dependencies": {
        "ms": "^2.1.3"
      },
      "engines": {
        "node": ">=6.0"
      },
      "peerDependenciesMeta": {
        "supports-color": {
          "optional": true
        }
      }
    },
    "node_modules/ms": {
      "version": "2.1.3",
      "resolved": "https://registry.npmjs.org/ms/-/ms-2.1.3.tgz",
      "integrity": "sha512-6FlzubTLZG3J2a/NVCAleEhjzq5oxgHyaCU9yYXvcLsvoVaHJq/s5xXI6/XXP6tz7R9xAOtHnSO/tXtF3WRTlA==",
      "license": "MIT"
    },
    "node_modules/node-gyp-build": {
      "version": "4.8.4",
      "resolved": "https://registry.npmjs.org/node-gyp-build/-/node-gyp-build-4.8.4.tgz",
      "integrity": "sha512-LA4ZjwlnUblHVgq0oBF3Jl/6h/Nvs5fzBLwdEF4nuxnFdsfajde4WfxtJr3CaiH+F6ewcIB/q4jQ4UzPyid+CQ==",
      "license": "MIT",
      "bin": {
        "node-gyp-build": "bin.js",
        "node-gyp-build-optional": "optional.js",
        "node-gyp-build-test": "build-test.js"
      }
    },
    "node_modules/prebuilt-tdlib": {
      "version": "0.1008064.0",
      "resolved": "https://registry.npmjs.org/prebuilt-tdlib/-/prebuilt-tdlib-0.1008064.0.tgz",
      "integrity": "sha512-jJLowKZoH4slXYrkTkKlEgyGsIGv61AWjDZcxxVxJYu21X3kmukGwbCpk4ML99cJp2CwRsD41GCEQBkKJAwCUg==",
      "license": "MIT",
      "optionalDependencies": {
        "@prebuilt-tdlib/darwin-arm64": "0.1008064.0",
        "@prebuilt-tdlib/darwin-x64": "0.1008064.0",
        "@prebuilt-tdlib/linux-arm64-glibc": "0.1008064.0",
        "@prebuilt-tdlib/linux-arm64-musl": "0.1008064.0",
        "@prebuilt-tdlib/linux-x64-glibc": "0.1008064.0",
        "@prebuilt-tdlib/linux-x64-musl": "0.1008064.0",
        "@prebuilt-tdlib/types": "0.1008064.0",
        "@prebuilt-tdlib/win32-x64": "0.1008064.0"
      }
    },
    "node_modules/tdl": {
      "version": "8.1.0",
      "resolved": "https://registry.npmjs.org/tdl/-/tdl-8.1.0.tgz",
      "integrity": "sha512-idpw60gjJdiJALQg0+6UbxtJTMxVhzZAgCO6QzL81gqBYCkEFjm9zM9HwTTQGeOaAavw4yRHymR68yUUiCoKrA==",
      "hasInstallScript": true,
      "license": "MIT",
      "dependencies": {
        "debug": "^4.4.3",
        "node-addon-api": "^7.1.1",
        "node-gyp-build": "^4.8.4"
      },
      "engines": {
        "node": ">=16.14.0"
      }
    },
    "node_modules/tdl/node_modules/node-addon-api": {
      "version": "7.1.1",
      "resolved": "https://registry.npmjs.org/node-addon-api/-/node-addon-api-7.1.1.tgz",
      "integrity": "sha512-5m3bsyrjFWE1xf7nz7YXdN4udnVtXK6/Yfgn5qnahL6bCkf2yKt4k3nuTKAtT4r3IG8JNR2ncsIMdZuAzJjHQQ==",
      "license": "MIT"
    }
  }
}
